
Microsoft Visual Studio Solution File, Format Version 12.00
# Visual Studio 14
VisualStudioVersion = 14.0.24720.0
MinimumVisualStudioVersion = 10.0.40219.1
Project("{FAE04EC0-301F-11D3-BF4B-00C04F79EFBC}") = "common", "common\common.csproj", "{C8BB6181-B847-4971-ACA2-9EDC0D21CABF}"
EndProject
Project("{FAE04EC0-301F-11D3-BF4B-00C04F79EFBC}") = "objects", "objects\objects.csproj", "{A650D675-C6BF-4847-9FF9-D1BD4DC5AAFA}"
EndProject
Project("{FAE04EC0-301F-11D3-BF4B-00C04F79EFBC}") = "camera", "camera\camera.csproj", "{A4D8D465-3777-4A86-8AFD-80BFC2D32690}"
EndProject
Project("{FAE04EC0-301F-11D3-BF4B-00C04F79EFBC}") = "proximity", "proximity\proximity.csproj", "{A93C14A8-52B9-4A4E-A601-2EE0AF0BBA2C}"
EndProject
Global
	GlobalSection(SolutionConfigurationPlatforms) = preSolution
		Debug|Any CPU = Debug|Any CPU
		Release|Any CPU = Release|Any CPU
	EndGlobalSection
	GlobalSection(ProjectConfigurationPlatforms) = postSolution
		{C8BB6181-B847-4971-ACA2-9EDC0D21CABF}.Debug|Any CPU.ActiveCfg = Debug|Any CPU
		{C8BB6181-B847-4971-ACA2-9EDC0D21CABF}.Debug|Any CPU.Build.0 = Debug|Any CPU
		{C8BB6181-B847-4971-ACA2-9EDC0D21CABF}.Release|Any CPU.ActiveCfg = Release|Any CPU
		{C8BB6181-B847-4971-ACA2-9EDC0D21CABF}.Release|Any CPU.Build.0 = Release|Any CPU
		{A650D675-C6BF-4847-9FF9-D1BD4DC5AAFA}.Debug|Any CPU.ActiveCfg = Debug|Any CPU
		{A650D675-C6BF-4847-9FF9-D1BD4DC5AAFA}.Debug|Any CPU.Build.0 = Debug|Any CPU
		{A650D675-C6BF-4847-9FF9-D1BD4DC5AAFA}.Release|Any CPU.ActiveCfg = Release|Any CPU
		{A650D675-C6BF-4847-9FF9-D1BD4DC5AAFA}.Release|Any CPU.Build.0 = Release|Any CPU
		{A4D8D465-3777-4A86-8AFD-80BFC2D32690}.Debug|Any CPU.ActiveCfg = Debug|Any CPU
		{A4D8D465-3777-4A86-8AFD-80BFC2D32690}.Debug|Any CPU.Build.0 = Debug|Any CPU
		{A4D8D465-3777-4A86-8AFD-80BFC2D32690}.Release|Any CPU.ActiveCfg = Release|Any CPU
		{A4D8D465-3777-4A86-8AFD-80BFC2D32690}.Release|Any CPU.Build.0 = Release|Any CPU
		{A93C14A8-52B9-4A4E-A601-2EE0AF0BBA2C}.Debug|Any CPU.ActiveCfg = Debug|Any CPU
		{A93C14A8-52B9-4A4E-A601-2EE0AF0BBA2C}.Debug|Any CPU.Build.0 = Debug|Any CPU
		{A93C14A8-52B9-4A4E-A601-2EE0AF0BBA2C}.Release|Any CPU.ActiveCfg = Release|Any CPU
		{A93C14A8-52B9-4A4E-A601-2EE0AF0BBA2C}.Release|Any CPU.Build.0 = Release|Any CPU
	EndGlobalSection
	GlobalSection(SolutionProperties) = preSolution
		HideSolutionNode = FALSE
	EndGlobalSection
EndGlobal
